
Microsoft Visual Studio Solution File, Format Version 12.00
# Visual Studio Version 16
VisualStudioVersion = 16.0.30011.22
MinimumVisualStudioVersion = 10.0.40219.1
Project("{FAE04EC0-301F-11D3-BF4B-00C04F79EFBC}") = "NThreadsApp", "NThreadsApp\NThreadsApp.csproj", "{5B1A81EB-FDFC-478E-9FD4-7FE48736CF99}"
EndProject
Global
	GlobalSection(SolutionConfigurationPlatforms) = preSolution
		Debug|Any CPU = Debug|Any CPU
		Release|Any CPU = Release|Any CPU
	EndGlobalSection
	GlobalSection(ProjectConfigurationPlatforms) = postSolution
		{5B1A81EB-FDFC-478E-9FD4-7FE48736CF99}.Debug|Any CPU.ActiveCfg = Debug|Any CPU
		{5B1A81EB-FDFC-478E-9FD4-7FE48736CF99}.Debug|Any CPU.Build.0 = Debug|Any CPU
		{5B1A81EB-FDFC-478E-9FD4-7FE48736CF99}.Release|Any CPU.ActiveCfg = Release|Any CPU
		{5B1A81EB-FDFC-478E-9FD4-7FE48736CF99}.Release|Any CPU.Build.0 = Release|Any CPU
	EndGlobalSection
	GlobalSection(SolutionProperties) = preSolution
		HideSolutionNode = FALSE
	EndGlobalSection
	GlobalSection(ExtensibilityGlobals) = postSolution
		SolutionGuid = {A735FB6D-5187-4D4A-AFE5-439B178B7501}
	EndGlobalSection
EndGlobal
